
Microsoft Visual Studio Solution File, Format Version 12.00
# Visual Studio Version 17
VisualStudioVersion = 17.8.34309.116
MinimumVisualStudioVersion = 10.0.40219.1
Project("{FAE04EC0-301F-11D3-BF4B-00C04F79EFBC}") = "Ex02", "Ex02\Ex02.csproj", "{1B3258B3-F158-4635-90D5-054328E85895}"
EndProject
Global
	GlobalSection(SolutionConfigurationPlatforms) = preSolution
		Debug|Any CPU = Debug|Any CPU
		Release|Any CPU = Release|Any CPU
	EndGlobalSection
	GlobalSection(ProjectConfigurationPlatforms) = postSolution
		{1B3258B3-F158-4635-90D5-054328E85895}.Debug|Any CPU.ActiveCfg = Debug|Any CPU
		{1B3258B3-F158-4635-90D5-054328E85895}.Debug|Any CPU.Build.0 = Debug|Any CPU
		{1B3258B3-F158-4635-90D5-054328E85895}.Release|Any CPU.ActiveCfg = Release|Any CPU
		{1B3258B3-F158-4635-90D5-054328E85895}.Release|Any CPU.Build.0 = Release|Any CPU
	EndGlobalSection
	GlobalSection(SolutionProperties) = preSolution
		HideSolutionNode = FALSE
	EndGlobalSection
	GlobalSection(ExtensibilityGlobals) = postSolution
		SolutionGuid = {ACAB3C8F-ECC2-4F33-977D-99E3BA8C6584}
	EndGlobalSection
EndGlobal
